
Microsoft Visual Studio Solution File, Format Version 12.00
# Visual Studio Version 16
VisualStudioVersion = 16.0.32228.343
MinimumVisualStudioVersion = 10.0.40219.1
Project("{FAE04EC0-301F-11D3-BF4B-00C04F79EFBC}") = "CarInsurance", "CarInsurance\CarInsurance.csproj", "{F8BF7DBE-293C-44A7-89B9-30F370ECDECD}"
EndProject
Global
	GlobalSection(SolutionConfigurationPlatforms) = preSolution
		Debug|Any CPU = Debug|Any CPU
		Release|Any CPU = Release|Any CPU
	EndGlobalSection
	GlobalSection(ProjectConfigurationPlatforms) = postSolution
		{F8BF7DBE-293C-44A7-89B9-30F370ECDECD}.Debug|Any CPU.ActiveCfg = Debug|Any CPU
		{F8BF7DBE-293C-44A7-89B9-30F370ECDECD}.Debug|Any CPU.Build.0 = Debug|Any CPU
		{F8BF7DBE-293C-44A7-89B9-30F370ECDECD}.Release|Any CPU.ActiveCfg = Release|Any CPU
		{F8BF7DBE-293C-44A7-89B9-30F370ECDECD}.Release|Any CPU.Build.0 = Release|Any CPU
	EndGlobalSection
	GlobalSection(SolutionProperties) = preSolution
		HideSolutionNode = FALSE
	EndGlobalSection
	GlobalSection(ExtensibilityGlobals) = postSolution
		SolutionGuid = {4B077058-7C13-4861-BEA5-5A6FA297347D}
	EndGlobalSection
EndGlobal
